
Microsoft Visual Studio Solution File, Format Version 12.00
# Visual Studio Version 17
VisualStudioVersion = 17.4.33213.308
MinimumVisualStudioVersion = 10.0.40219.1
Project("{FAE04EC0-301F-11D3-BF4B-00C04F79EFBC}") = "BookStore.WebApi", "BookStore.WebApi\BookStore.WebApi.csproj", "{7C79BAE5-6DAE-450F-ACDF-62C8D5E33FDF}"
EndProject
Global
	GlobalSection(SolutionConfigurationPlatforms) = preSolution
		Debug|Any CPU = Debug|Any CPU
		Release|Any CPU = Release|Any CPU
	EndGlobalSection
	GlobalSection(ProjectConfigurationPlatforms) = postSolution
		{7C79BAE5-6DAE-450F-ACDF-62C8D5E33FDF}.Debug|Any CPU.ActiveCfg = Debug|Any CPU
		{7C79BAE5-6DAE-450F-ACDF-62C8D5E33FDF}.Debug|Any CPU.Build.0 = Debug|Any CPU
		{7C79BAE5-6DAE-450F-ACDF-62C8D5E33FDF}.Release|Any CPU.ActiveCfg = Release|Any CPU
		{7C79BAE5-6DAE-450F-ACDF-62C8D5E33FDF}.Release|Any CPU.Build.0 = Release|Any CPU
	EndGlobalSection
	GlobalSection(SolutionProperties) = preSolution
		HideSolutionNode = FALSE
	EndGlobalSection
	GlobalSection(ExtensibilityGlobals) = postSolution
		SolutionGuid = {1EC9BE5A-6BCD-4062-B32C-0A70FEA73160}
	EndGlobalSection
EndGlobal
